
Microsoft Visual Studio Solution File, Format Version 12.00
# Visual Studio 15
VisualStudioVersion = 15.0.28307.902
MinimumVisualStudioVersion = 10.0.40219.1
Project("{FAE04EC0-301F-11D3-BF4B-00C04F79EFBC}") = "SimpleFab.Android", "SimpleFab\SimpleFab.Android\SimpleFab.Android.csproj", "{54279A1D-F807-49C4-B7D3-4A1A4C583A69}"
EndProject
Project("{FAE04EC0-301F-11D3-BF4B-00C04F79EFBC}") = "SimpleFab.iOS", "SimpleFab\SimpleFab.iOS\SimpleFab.iOS.csproj", "{CAE5A75A-1437-4EBD-A85E-D7E10972C251}"
EndProject
Project("{FAE04EC0-301F-11D3-BF4B-00C04F79EFBC}") = "SimpleFab", "SimpleFab\SimpleFab\SimpleFab.csproj", "{EF2AE087-267C-4281-B6A8-B00EB45555FE}"
EndProject
Global
	GlobalSection(SolutionConfigurationPlatforms) = preSolution
		Ad-Hoc|Any CPU = Ad-Hoc|Any CPU
		Ad-Hoc|iPhone = Ad-Hoc|iPhone
		Ad-Hoc|iPhoneSimulator = Ad-Hoc|iPhoneSimulator
		AppStore|Any CPU = AppStore|Any CPU
		AppStore|iPhone = AppStore|iPhone
		AppStore|iPhoneSimulator = AppStore|iPhoneSimulator
		Debug|Any CPU = Debug|Any CPU
		Debug|iPhone = Debug|iPhone
		Debug|iPhoneSimulator = Debug|iPhoneSimulator
		Release|Any CPU = Release|Any CPU
		Release|iPhone = Release|iPhone
		Release|iPhoneSimulator = Release|iPhoneSimulator
	EndGlobalSection
	GlobalSection(ProjectConfigurationPlatforms) = postSolution
		{54279A1D-F807-49C4-B7D3-4A1A4C583A69}.Ad-Hoc|Any CPU.ActiveCfg = Release|Any CPU
		{54279A1D-F807-49C4-B7D3-4A1A4C583A69}.Ad-Hoc|Any CPU.Build.0 = Release|Any CPU
		{54279A1D-F807-49C4-B7D3-4A1A4C583A69}.Ad-Hoc|Any CPU.Deploy.0 = Release|Any CPU
		{54279A1D-F807-49C4-B7D3-4A1A4C583A69}.Ad-Hoc|iPhone.ActiveCfg = Release|Any CPU
		{54279A1D-F807-49C4-B7D3-4A1A4C583A69}.Ad-Hoc|iPhone.Build.0 = Release|Any CPU
		{54279A1D-F807-49C4-B7D3-4A1A4C583A69}.Ad-Hoc|iPhone.Deploy.0 = Release|Any CPU
		{54279A1D-F807-49C4-B7D3-4A1A4C583A69}.Ad-Hoc|iPhoneSimulator.ActiveCfg = Release|Any CPU
		{54279A1D-F807-49C4-B7D3-4A1A4C583A69}.Ad-Hoc|iPhoneSimulator.Build.0 = Release|Any CPU
		{54279A1D-F807-49C4-B7D3-4A1A4C583A69}.Ad-Hoc|iPhoneSimulator.Deploy.0 = Release|Any CPU
		{54279A1D-F807-49C4-B7D3-4A1A4C583A69}.AppStore|Any CPU.ActiveCfg = Release|Any CPU
		{54279A1D-F807-49C4-B7D3-4A1A4C583A69}.AppStore|Any CPU.Build.0 = Release|Any CPU
		{54279A1D-F807-49C4-B7D3-4A1A4C583A69}.AppStore|Any CPU.Deploy.0 = Release|Any CPU
		{54279A1D-F807-49C4-B7D3-4A1A4C583A69}.AppStore|iPhone.ActiveCfg = Release|Any CPU
		{54279A1D-F807-49C4-B7D3-4A1A4C583A69}.AppStore|iPhone.Build.0 = Release|Any CPU
		{54279A1D-F807-49C4-B7D3-4A1A4C583A69}.AppStore|iPhone.Deploy.0 = Release|Any CPU
		{54279A1D-F807-49C4-B7D3-4A1A4C583A69}.AppStore|iPhoneSimulator.ActiveCfg = Release|Any CPU
		{54279A1D-F807-49C4-B7D3-4A1A4C583A69}.AppStore|iPhoneSimulator.Build.0 = Release|Any CPU
		{54279A1D-F807-49C4-B7D3-4A1A4C583A69}.AppStore|iPhoneSimulator.Deploy.0 = Release|Any CPU
		{54279A1D-F807-49C4-B7D3-4A1A4C583A69}.Debug|Any CPU.ActiveCfg = Debug|Any CPU
		{54279A1D-F807-49C4-B7D3-4A1A4C583A69}.Debug|Any CPU.Build.0 = Debug|Any CPU
		{54279A1D-F807-49C4-B7D3-4A1A4C583A69}.Debug|Any CPU.Deploy.0 = Debug|Any CPU
		{54279A1D-F807-49C4-B7D3-4A1A4C583A69}.Debug|iPhone.ActiveCfg = Debug|Any CPU
		{54279A1D-F807-49C4-B7D3-4A1A4C583A69}.Debug|iPhone.Build.0 = Debug|Any CPU
		{54279A1D-F807-49C4-B7D3-4A1A4C583A69}.Debug|iPhone.Deploy.0 = Debug|Any CPU
		{54279A1D-F807-49C4-B7D3-4A1A4C583A69}.Debug|iPhoneSimulator.ActiveCfg = Debug|Any CPU
		{54279A1D-F807-49C4-B7D3-4A1A4C583A69}.Debug|iPhoneSimulator.Build.0 = Debug|Any CPU
		{54279A1D-F807-49C4-B7D3-4A1A4C583A69}.Debug|iPhoneSimulator.Deploy.0 = Debug|Any CPU
		{54279A1D-F807-49C4-B7D3-4A1A4C583A69}.Release|Any CPU.ActiveCfg = Release|Any CPU
		{54279A1D-F807-49C4-B7D3-4A1A4C583A69}.Release|Any CPU.Build.0 = Release|Any CPU
		{54279A1D-F807-49C4-B7D3-4A1A4C583A69}.Release|Any CPU.Deploy.0 = Release|Any CPU
		{54279A1D-F807-49C4-B7D3-4A1A4C583A69}.Release|iPhone.ActiveCfg = Release|Any CPU
		{54279A1D-F807-49C4-B7D3-4A1A4C583A69}.Release|iPhone.Build.0 = Release|Any CPU
		{54279A1D-F807-49C4-B7D3-4A1A4C583A69}.Release|iPhone.Deploy.0 = Release|Any CPU
		{54279A1D-F807-49C4-B7D3-4A1A4C583A69}.Release|iPhoneSimulator.ActiveCfg = Release|Any CPU
		{54279A1D-F807-49C4-B7D3-4A1A4C583A69}.Release|iPhoneSimulator.Build.0 = Release|Any CPU
		{54279A1D-F807-49C4-B7D3-4A1A4C583A69}.Release|iPhoneSimulator.Deploy.0 = Release|Any CPU
		{CAE5A75A-1437-4EBD-A85E-D7E10972C251}.Ad-Hoc|Any CPU.ActiveCfg = Ad-Hoc|iPhone
		{CAE5A75A-1437-4EBD-A85E-D7E10972C251}.Ad-Hoc|Any CPU.Build.0 = Ad-Hoc|iPhone
		{CAE5A75A-1437-4EBD-A85E-D7E10972C251}.Ad-Hoc|Any CPU.Deploy.0 = Ad-Hoc|iPhone
		{CAE5A75A-1437-4EBD-A85E-D7E10972C251}.Ad-Hoc|iPhone.ActiveCfg = Ad-Hoc|iPhone
		{CAE5A75A-1437-4EBD-A85E-D7E10972C251}.Ad-Hoc|iPhone.Build.0 = Ad-Hoc|iPhone
		{CAE5A75A-1437-4EBD-A85E-D7E10972C251}.Ad-Hoc|iPhone.Deploy.0 = Ad-Hoc|iPhone
		{CAE5A75A-1437-4EBD-A85E-D7E10972C251}.Ad-Hoc|iPhoneSimulator.ActiveCfg = Ad-Hoc|iPhoneSimulator
		{CAE5A75A-1437-4EBD-A85E-D7E10972C251}.Ad-Hoc|iPhoneSimulator.Build.0 = Ad-Hoc|iPhoneSimulator
		{CAE5A75A-1437-4EBD-A85E-D7E10972C251}.Ad-Hoc|iPhoneSimulator.Deploy.0 = Ad-Hoc|iPhoneSimulator
		{CAE5A75A-1437-4EBD-A85E-D7E10972C251}.AppStore|Any CPU.ActiveCfg = AppStore|iPhone
		{CAE5A75A-1437-4EBD-A85E-D7E10972C251}.AppStore|Any CPU.Build.0 = AppStore|iPhone
		{CAE5A75A-1437-4EBD-A85E-D7E10972C251}.AppStore|Any CPU.Deploy.0 = AppStore|iPhone
		{CAE5A75A-1437-4EBD-A85E-D7E10972C251}.AppStore|iPhone.ActiveCfg = AppStore|iPhone
		{CAE5A75A-1437-4EBD-A85E-D7E10972C251}.AppStore|iPhone.Build.0 = AppStore|iPhone
		{CAE5A75A-1437-4EBD-A85E-D7E10972C251}.AppStore|iPhone.Deploy.0 = AppStore|iPhone
		{CAE5A75A-1437-4EBD-A85E-D7E10972C251}.AppStore|iPhoneSimulator.ActiveCfg = AppStore|iPhoneSimulator
		{CAE5A75A-1437-4EBD-A85E-D7E10972C251}.AppStore|iPhoneSimulator.Build.0 = AppStore|iPhoneSimulator
		{CAE5A75A-1437-4EBD-A85E-D7E10972C251}.AppStore|iPhoneSimulator.Deploy.0 = AppStore|iPhoneSimulator
		{CAE5A75A-1437-4EBD-A85E-D7E10972C251}.Debug|Any CPU.ActiveCfg = Debug|iPhoneSimulator
		{CAE5A75A-1437-4EBD-A85E-D7E10972C251}.Debug|Any CPU.Build.0 = Debug|iPhoneSimulator
		{CAE5A75A-1437-4EBD-A85E-D7E10972C251}.Debug|Any CPU.Deploy.0 = Debug|iPhoneSimulator
		{CAE5A75A-1437-4EBD-A85E-D7E10972C251}.Debug|iPhone.ActiveCfg = Debug|iPhone
		{CAE5A75A-1437-4EBD-A85E-D7E10972C251}.Debug|iPhone.Build.0 = Debug|iPhone
		{CAE5A75A-1437-4EBD-A85E-D7E10972C251}.Debug|iPhone.Deploy.0 = Debug|iPhone
		{CAE5A75A-1437-4EBD-A85E-D7E10972C251}.Debug|iPhoneSimulator.ActiveCfg = Debug|iPhoneSimulator
		{CAE5A75A-1437-4EBD-A85E-D7E10972C251}.Debug|iPhoneSimulator.Build.0 = Debug|iPhoneSimulator
		{CAE5A75A-1437-4EBD-A85E-D7E10972C251}.Debug|iPhoneSimulator.Deploy.0 = Debug|iPhoneSimulator
		{CAE5A75A-1437-4EBD-A85E-D7E10972C251}.Release|Any CPU.ActiveCfg = Release|iPhone
		{CAE5A75A-1437-4EBD-A85E-D7E10972C251}.Release|Any CPU.Build.0 = Release|iPhone
		{CAE5A75A-1437-4EBD-A85E-D7E10972C251}.Release|Any CPU.Deploy.0 = Release|iPhone
		{CAE5A75A-1437-4EBD-A85E-D7E10972C251}.Release|iPhone.ActiveCfg = Release|iPhone
		{CAE5A75A-1437-4EBD-A85E-D7E10972C251}.Release|iPhone.Build.0 = Release|iPhone
		{CAE5A75A-1437-4EBD-A85E-D7E10972C251}.Release|iPhone.Deploy.0 = Release|iPhone
		{CAE5A75A-1437-4EBD-A85E-D7E10972C251}.Release|iPhoneSimulator.ActiveCfg = Release|iPhoneSimulator
		{CAE5A75A-1437-4EBD-A85E-D7E10972C251}.Release|iPhoneSimulator.Build.0 = Release|iPhoneSimulator
		{CAE5A75A-1437-4EBD-A85E-D7E10972C251}.Release|iPhoneSimulator.Deploy.0 = Release|iPhoneSimulator
		{EF2AE087-267C-4281-B6A8-B00EB45555FE}.Ad-Hoc|Any CPU.ActiveCfg = Debug|Any CPU
		{EF2AE087-267C-4281-B6A8-B00EB45555FE}.Ad-Hoc|Any CPU.Build.0 = Debug|Any CPU
		{EF2AE087-267C-4281-B6A8-B00EB45555FE}.Ad-Hoc|Any CPU.Deploy.0 = Debug|Any CPU
		{EF2AE087-267C-4281-B6A8-B00EB45555FE}.Ad-Hoc|iPhone.ActiveCfg = Debug|Any CPU
		{EF2AE087-267C-4281-B6A8-B00EB45555FE}.Ad-Hoc|iPhone.Build.0 = Debug|Any CPU
		{EF2AE087-267C-4281-B6A8-B00EB45555FE}.Ad-Hoc|iPhone.Deploy.0 = Debug|Any CPU
		{EF2AE087-267C-4281-B6A8-B00EB45555FE}.Ad-Hoc|iPhoneSimulator.ActiveCfg = Debug|Any CPU
		{EF2AE087-267C-4281-B6A8-B00EB45555FE}.Ad-Hoc|iPhoneSimulator.Build.0 = Debug|Any CPU
		{EF2AE087-267C-4281-B6A8-B00EB45555FE}.Ad-Hoc|iPhoneSimulator.Deploy.0 = Debug|Any CPU
		{EF2AE087-267C-4281-B6A8-B00EB45555FE}.AppStore|Any CPU.ActiveCfg = Debug|Any CPU
		{EF2AE087-267C-4281-B6A8-B00EB45555FE}.AppStore|Any CPU.Build.0 = Debug|Any CPU
		{EF2AE087-267C-4281-B6A8-B00EB45555FE}.AppStore|Any CPU.Deploy.0 = Debug|Any CPU
		{EF2AE087-267C-4281-B6A8-B00EB45555FE}.AppStore|iPhone.ActiveCfg = Debug|Any CPU
		{EF2AE087-267C-4281-B6A8-B00EB45555FE}.AppStore|iPhone.Build.0 = Debug|Any CPU
		{EF2AE087-267C-4281-B6A8-B00EB45555FE}.AppStore|iPhone.Deploy.0 = Debug|Any CPU
		{EF2AE087-267C-4281-B6A8-B00EB45555FE}.AppStore|iPhoneSimulator.ActiveCfg = Debug|Any CPU
		{EF2AE087-267C-4281-B6A8-B00EB45555FE}.AppStore|iPhoneSimulator.Build.0 = Debug|Any CPU
		{EF2AE087-267C-4281-B6A8-B00EB45555FE}.AppStore|iPhoneSimulator.Deploy.0 = Debug|Any CPU
		{EF2AE087-267C-4281-B6A8-B00EB45555FE}.Debug|Any CPU.ActiveCfg = Debug|Any CPU
		{EF2AE087-267C-4281-B6A8-B00EB45555FE}.Debug|Any CPU.Build.0 = Debug|Any CPU
		{EF2AE087-267C-4281-B6A8-B00EB45555FE}.Debug|Any CPU.Deploy.0 = Debug|Any CPU
		{EF2AE087-267C-4281-B6A8-B00EB45555FE}.Debug|iPhone.ActiveCfg = Debug|Any CPU
		{EF2AE087-267C-4281-B6A8-B00EB45555FE}.Debug|iPhone.Build.0 = Debug|Any CPU
		{EF2AE087-267C-4281-B6A8-B00EB45555FE}.Debug|iPhone.Deploy.0 = Debug|Any CPU
		{EF2AE087-267C-4281-B6A8-B00EB45555FE}.Debug|iPhoneSimulator.ActiveCfg = Debug|Any CPU
		{EF2AE087-267C-4281-B6A8-B00EB45555FE}.Debug|iPhoneSimulator.Build.0 = Debug|Any CPU
		{EF2AE087-267C-4281-B6A8-B00EB45555FE}.Debug|iPhoneSimulator.Deploy.0 = Debug|Any CPU
		{EF2AE087-267C-4281-B6A8-B00EB45555FE}.Release|Any CPU.ActiveCfg = Release|Any CPU
		{EF2AE087-267C-4281-B6A8-B00EB45555FE}.Release|Any CPU.Build.0 = Release|Any CPU
		{EF2AE087-267C-4281-B6A8-B00EB45555FE}.Release|Any CPU.Deploy.0 = Release|Any CPU
		{EF2AE087-267C-4281-B6A8-B00EB45555FE}.Release|iPhone.ActiveCfg = Release|Any CPU
		{EF2AE087-267C-4281-B6A8-B00EB45555FE}.Release|iPhone.Build.0 = Release|Any CPU
		{EF2AE087-267C-4281-B6A8-B00EB45555FE}.Release|iPhone.Deploy.0 = Release|Any CPU
		{EF2AE087-267C-4281-B6A8-B00EB45555FE}.Release|iPhoneSimulator.ActiveCfg = Release|Any CPU
		{EF2AE087-267C-4281-B6A8-B00EB45555FE}.Release|iPhoneSimulator.Build.0 = Release|Any CPU
		{EF2AE087-267C-4281-B6A8-B00EB45555FE}.Release|iPhoneSimulator.Deploy.0 = Release|Any CPU
	EndGlobalSection
	GlobalSection(SolutionProperties) = preSolution
		HideSolutionNode = FALSE
	EndGlobalSection
	GlobalSection(ExtensibilityGlobals) = postSolution
		SolutionGuid = {0449BB52-4224-49D9-AA6D-C1AADF83866E}
	EndGlobalSection
EndGlobal
